{
  "name": "openfaas-function",
  "version": "1.0.0",
  "lockfileVersion": 2,
  "requires": true,
  "packages": {
    "": {
      "name": "openfaas-function",
      "version": "1.0.0",
      "license": "MIT",
      "dependencies": {
        "@types/node": "20.17.2"
      },
      "devDependencies": {
        "typescript": "4.9.5"
      },
      "engines": {
        "node": ">=14.16"
      }
    },
    "node_modules/@types/node": {
      "version": "20.17.2",
      "resolved": "https://registry.npmjs.org/@types/node/-/node-20.17.2.tgz",
      "integrity": "sha512-OOHK4sjXqkL7yQ7VEEHcf6+0jSvKjWqwnaCtY7AKD/VLEvRHMsxxu7eI8ErnjxHS8VwmekD4PeVCpu4qZEZSxg==",
      "dependencies": {
        "undici-types": "~6.19.2"
      }
    },
    "node_modules/typescript": {
      "version": "4.9.5",
      "resolved": "https://registry.npmjs.org/typescript/-/typescript-4.9.5.tgz",
      "integrity": "sha512-1FXk9E2Hm+QzZQ7z+McJiHL4NW1F2EzMu9Nq9i3zAaGqibafqYwCVU6WyWAuyQRRzOlxou8xZSyXLEN8oKj24g==",
      "dev": true,
      "bin": {
        "tsc": "bin/tsc",
        "tsserver": "bin/tsserver"
      },
      "engines": {
        "node": ">=4.2.0"
      }
    },
    "node_modules/undici-types": {
      "version": "6.19.8",
      "resolved": "https://registry.npmjs.org/undici-types/-/undici-types-6.19.8.tgz",
      "integrity": "sha512-ve2KP6f/JnbPBFyobGHuerC9g1FYGn/F8n1LWTwNxCEzd6IfqTwUQcNXgEtmmQ6DlRrC1hrSrBnCZPokRrDHjw=="
    }
  },
  "dependencies": {
    "@types/node": {
      "version": "20.17.2",
      "resolved": "https://registry.npmjs.org/@types/node/-/node-20.17.2.tgz",
      "integrity": "sha512-OOHK4sjXqkL7yQ7VEEHcf6+0jSvKjWqwnaCtY7AKD/VLEvRHMsxxu7eI8ErnjxHS8VwmekD4PeVCpu4qZEZSxg==",
      "requires": {
        "undici-types": "~6.19.2"
      }
    },
    "typescript": {
      "version": "4.9.5",
      "resolved": "https://registry.npmjs.org/typescript/-/typescript-4.9.5.tgz",
      "integrity": "sha512-1FXk9E2Hm+QzZQ7z+McJiHL4NW1F2EzMu9Nq9i3zAaGqibafqYwCVU6WyWAuyQRRzOlxou8xZSyXLEN8oKj24g==",
      "dev": true
    },
    "undici-types": {
      "version": "6.19.8",
      "resolved": "https://registry.npmjs.org/undici-types/-/undici-types-6.19.8.tgz",
      "integrity": "sha512-ve2KP6f/JnbPBFyobGHuerC9g1FYGn/F8n1LWTwNxCEzd6IfqTwUQcNXgEtmmQ6DlRrC1hrSrBnCZPokRrDHjw=="
    }
  }
}
